{
  "name": "install",
  "version": "1.0.0",
  "lockfileVersion": 1,
  "requires": true,
  "dependencies": {
    "shangguanjianming": {
      "version": "1.0.2",
      "resolved": "https://registry.npmjs.org/shangguanjianming/-/shangguanjianming-1.0.2.tgz",
      "integrity": "sha512-bImrvTjlGX/lKwut+deaD6jgavp1RE3yiHFQwMD651Xo0HwPiBTZMIuAdapPvmvtLVj73/0XjBOzx6Le+F6lng=="
    }
  }
}
